// !$*UTF8*$!
{
	archiveVersion = 1;
	classes = {
	};
	objectVersion = 55;
	objects = {

/* Begin PBXBuildFile section */
		1AACAC5928CEC31F0040319B /* transitionable_list_without_chevronApp.swift in Sources */ = {isa = PBXBuildFile; fileRef = 1AACAC5828CEC31F0040319B /* transitionable_list_without_chevronApp.swift */; };
		1AACAC5B28CEC31F0040319B /* TransitionableListWithoutChevron.swift in Sources */ = {isa = PBXBuildFile; fileRef = 1AACAC5A28CEC31F0040319B /* TransitionableListWithoutChevron.swift */; };
		1AACAC5D28CEC3260040319B /* Assets.xcassets in Resources */ = {isa = PBXBuildFile; fileRef = 1AACAC5C28CEC3260040319B /* Assets.xcassets */; };
		1AACAC6028CEC3260040319B /* Preview Assets.xcassets in Resources */ = {isa = PBXBuildFile; fileRef = 1AACAC5F28CEC3260040319B /* Preview Assets.xcassets */; };
		1AACAC6728CEC7060040319B /* DestinationView.swift in Sources */ = {isa = PBXBuildFile; fileRef = 1AACAC6628CEC7060040319B /* DestinationView.swift */; };
		1AACAC6928CEC7350040319B /* View.swift in Sources */ = {isa = PBXBuildFile; fileRef = 1AACAC6828CEC7350040319B /* View.swift */; };
/* End PBXBuildFile section */

/* Begin PBXFileReference section */
		1AACAC5528CEC31F0040319B /* transitionable_list_without_chevron.app */ = {isa = PBXFileReference; explicitFileType = wrapper.application; includeInIndex = 0; path = transitionable_list_without_chevron.app; sourceTree = BUILT_PRODUCTS_DIR; };
		1AACAC5828CEC31F0040319B /* transitionable_list_without_chevronApp.swift */ = {isa = PBXFileReference; lastKnownFileType = sourcecode.swift; path = transitionable_list_without_chevronApp.swift; sourceTree = "<group>"; };
		1AACAC5A28CEC31F0040319B /* TransitionableListWithoutChevron.swift */ = {isa = PBXFileReference; lastKnownFileType = sourcecode.swift; path = TransitionableListWithoutChevron.swift; sourceTree = "<group>"; };
		1AACAC5C28CEC3260040319B /* Assets.xcassets */ = {isa = PBXFileReference; lastKnownFileType = folder.assetcatalog; path = Assets.xcassets; sourceTree = "<group>"; };
		1AACAC5F28CEC3260040319B /* Preview Assets.xcassets */ = {isa = PBXFileReference; lastKnownFileType = folder.assetcatalog; path = "Preview Assets.xcassets"; sourceTree = "<group>"; };
		1AACAC6628CEC7060040319B /* DestinationView.swift */ = {isa = PBXFileReference; lastKnownFileType = sourcecode.swift; path = DestinationView.swift; sourceTree = "<group>"; };
		1AACAC6828CEC7350040319B /* View.swift */ = {isa = PBXFileReference; lastKnownFileType = sourcecode.swift; path = View.swift; sourceTree = "<group>"; };
/* End PBXFileReference section */

/* Begin PBXFrameworksBuildPhase section */
		1AACAC5228CEC31F0040319B /* Frameworks */ = {
			isa = PBXFrameworksBuildPhase;
			buildActionMask = 2147483647;
			files = (
			);
			runOnlyForDeploymentPostprocessing = 0;
		};
/* End PBXFrameworksBuildPhase section */

/* Begin PBXGroup section */
		1AACAC4C28CEC31F0040319B = {
			isa = PBXGroup;
			children = (
				1AACAC5728CEC31F0040319B /* transitionable_list_without_chevron */,
				1AACAC5628CEC31F0040319B /* Products */,
			);
			sourceTree = "<group>";
		};
		1AACAC5628CEC31F0040319B /* Products */ = {
			isa = PBXGroup;
			children = (
				1AACAC5528CEC31F0040319B /* transitionable_list_without_chevron.app */,
			);
			name = Products;
			sourceTree = "<group>";
		};
		1AACAC5728CEC31F0040319B /* transitionable_list_without_chevron */ = {
			isa = PBXGroup;
			children = (
				1AACAC5828CEC31F0040319B /* transitionable_list_without_chevronApp.swift */,
				1AACAC5A28CEC31F0040319B /* TransitionableListWithoutChevron.swift */,
				1AACAC6628CEC7060040319B /* DestinationView.swift */,
				1AACAC6828CEC7350040319B /* View.swift */,
				1AACAC5C28CEC3260040319B /* Assets.xcassets */,
				1AACAC5E28CEC3260040319B /* Preview Content */,
			);
			path = transitionable_list_without_chevron;
			sourceTree = "<group>";
		};
		1AACAC5E28CEC3260040319B /* Preview Content */ = {
			isa = PBXGroup;
			children = (
				1AACAC5F28CEC3260040319B /* Preview Assets.xcassets */,
			);
			path = "Preview Content";
			sourceTree = "<group>";
		};
/* End PBXGroup section */

/* Begin PBXNativeTarget section */
		1AACAC5428CEC31F0040319B /* transitionable_list_without_chevron */ = {
			isa = PBXNativeTarget;
			buildConfigurationList = 1AACAC6328CEC3260040319B /* Build configuration list for PBXNativeTarget "transitionable_list_without_chevron" */;
			buildPhases = (
				1AACAC5128CEC31F0040319B /* Sources */,
				1AACAC5228CEC31F0040319B /* Frameworks */,
				1AACAC5328CEC31F0040319B /* Resources */,
			);
			buildRules = (
			);
			dependencies = (
			);
			name = transitionable_list_without_chevron;
			productName = transitionable_list_without_chevron;
			productReference = 1AACAC5528CEC31F0040319B /* transitionable_list_without_chevron.app */;
			productType = "com.apple.product-type.application";
		};
/* End PBXNativeTarget section */

/* Begin PBXProject section */
		1AACAC4D28CEC31F0040319B /* Project object */ = {
			isa = PBXProject;
			attributes = {
				BuildIndependentTargetsInParallel = 1;
				LastSwiftUpdateCheck = 1340;
				LastUpgradeCheck = 1340;
				TargetAttributes = {
					1AACAC5428CEC31F0040319B = {
						CreatedOnToolsVersion = 13.4.1;
					};
				};
			};
			buildConfigurationList = 1AACAC5028CEC31F0040319B /* Build configuration list for PBXProject "transitionable_list_without_chevron" */;
			compatibilityVersion = "Xcode 13.0";
			developmentRegion = en;
			hasScannedForEncodings = 0;
			knownRegions = (
				en,
				Base,
			);
			mainGroup = 1AACAC4C28CEC31F0040319B;
			productRefGroup = 1AACAC5628CEC31F0040319B /* Products */;
			projectDirPath = "";
			projectRoot = "";
			targets = (
				1AACAC5428CEC31F0040319B /* transitionable_list_without_chevron */,
			);
		};
/* End PBXProject section */

/* Begin PBXResourcesBuildPhase section */
		1AACAC5328CEC31F0040319B /* Resources */ = {
			isa = PBXResourcesBuildPhase;
			buildActionMask = 2147483647;
			files = (
				1AACAC6028CEC3260040319B /* Preview Assets.xcassets in Resources */,
				1AACAC5D28CEC3260040319B /* Assets.xcassets in Resources */,
			);
			runOnlyForDeploymentPostprocessing = 0;
		};
/* End PBXResourcesBuildPhase section */

/* Begin PBXSourcesBuildPhase section */
		1AACAC5128CEC31F0040319B /* Sources */ = {
			isa = PBXSourcesBuildPhase;
			buildActionMask = 2147483647;
			files = (
				1AACAC6928CEC7350040319B /* View.swift in Sources */,
				1AACAC6728CEC7060040319B /* DestinationView.swift in Sources */,
				1AACAC5B28CEC31F0040319B /* TransitionableListWithoutChevron.swift in Sources */,
				1AACAC5928CEC31F0040319B /* transitionable_list_without_chevronApp.swift in Sources */,
			);
			runOnlyForDeploymentPostprocessing = 0;
		};
/* End PBXSourcesBuildPhase section */

/* Begin XCBuildConfiguration section */
		1AACAC6128CEC3260040319B /* Debug */ = {
			isa = XCBuildConfiguration;
			buildSettings = {
				ALWAYS_SEARCH_USER_PATHS = NO;
				CLANG_ANALYZER_NONNULL = YES;
				CLANG_ANALYZER_NUMBER_OBJECT_CONVERSION = YES_AGGRESSIVE;
				CLANG_CXX_LANGUAGE_STANDARD = "gnu++17";
				CLANG_ENABLE_MODULES = YES;
				CLANG_ENABLE_OBJC_ARC = YES;
				CLANG_ENABLE_OBJC_WEAK = YES;
				CLANG_WARN_BLOCK_CAPTURE_AUTORELEASING = YES;
				CLANG_WARN_BOOL_CONVERSION = YES;
				CLANG_WARN_COMMA = YES;
				CLANG_WARN_CONSTANT_CONVERSION = YES;
				CLANG_WARN_DEPRECATED_OBJC_IMPLEMENTATIONS = YES;
				CLANG_WARN_DIRECT_OBJC_ISA_USAGE = YES_ERROR;
				CLANG_WARN_DOCUMENTATION_COMMENTS = YES;
				CLANG_WARN_EMPTY_BODY = YES;
				CLANG_WARN_ENUM_CONVERSION = YES;
				CLANG_WARN_INFINITE_RECURSION = YES;
				CLANG_WARN_INT_CONVERSION = YES;
				CLANG_WARN_NON_LITERAL_NULL_CONVERSION = YES;
				CLANG_WARN_OBJC_IMPLICIT_RETAIN_SELF = YES;
				CLANG_WARN_OBJC_LITERAL_CONVERSION = YES;
				CLANG_WARN_OBJC_ROOT_CLASS = YES_ERROR;
				CLANG_WARN_QUOTED_INCLUDE_IN_FRAMEWORK_HEADER = YES;
				CLANG_WARN_RANGE_LOOP_ANALYSIS = YES;
				CLANG_WARN_STRICT_PROTOTYPES = YES;
				CLANG_WARN_SUSPICIOUS_MOVE = YES;
				CLANG_WARN_UNGUARDED_AVAILABILITY = YES_AGGRESSIVE;
				CLANG_WARN_UNREACHABLE_CODE = YES;
				CLANG_WARN__DUPLICATE_METHOD_MATCH = YES;
				COPY_PHASE_STRIP = NO;
				DEBUG_INFORMATION_FORMAT = dwarf;
				ENABLE_STRICT_OBJC_MSGSEND = YES;
				ENABLE_TESTABILITY = YES;
				GCC_C_LANGUAGE_STANDARD = gnu11;
				GCC_DYNAMIC_NO_PIC = NO;
				GCC_NO_COMMON_BLOCKS = YES;
				GCC_OPTIMIZATION_LEVEL = 0;
				GCC_PREPROCESSOR_DEFINITIONS = (
					"DEBUG=1",
					"$(inherited)",
				);
				GCC_WARN_64_TO_32_BIT_CONVERSION = YES;
				GCC_WARN_ABOUT_RETURN_TYPE = YES_ERROR;
				GCC_WARN_UNDECLARED_SELECTOR = YES;
				GCC_WARN_UNINITIALIZED_AUTOS = YES_AGGRESSIVE;
				GCC_WARN_UNUSED_FUNCTION = YES;
				GCC_WARN_UNUSED_VARIABLE = YES;
				IPHONEOS_DEPLOYMENT_TARGET = 15.5;
				MTL_ENABLE_DEBUG_INFO = INCLUDE_SOURCE;
				MTL_FAST_MATH = YES;
				ONLY_ACTIVE_ARCH = YES;
				SDKROOT = iphoneos;
				SWIFT_ACTIVE_COMPILATION_CONDITIONS = DEBUG;
				SWIFT_OPTIMIZATION_LEVEL = "-Onone";
			};
			name = Debug;
		};
		1AACAC6228CEC3260040319B /* Release */ = {
			isa = XCBuildConfiguration;
			buildSettings = {
				ALWAYS_SEARCH_USER_PATHS = NO;
				CLANG_ANALYZER_NONNULL = YES;
				CLANG_ANALYZER_NUMBER_OBJECT_CONVERSION = YES_AGGRESSIVE;
				CLANG_CXX_LANGUAGE_STANDARD = "gnu++17";
				CLANG_ENABLE_MODULES = YES;
				CLANG_ENABLE_OBJC_ARC = YES;
				CLANG_ENABLE_OBJC_WEAK = YES;
				CLANG_WARN_BLOCK_CAPTURE_AUTORELEASING = YES;
				CLANG_WARN_BOOL_CONVERSION = YES;
				CLANG_WARN_COMMA = YES;
				CLANG_WARN_CONSTANT_CONVERSION = YES;
				CLANG_WARN_DEPRECATED_OBJC_IMPLEMENTATIONS = YES;
				CLANG_WARN_DIRECT_OBJC_ISA_USAGE = YES_ERROR;
				CLANG_WARN_DOCUMENTATION_COMMENTS = YES;
				CLANG_WARN_EMPTY_BODY = YES;
				CLANG_WARN_ENUM_CONVERSION = YES;
				CLANG_WARN_INFINITE_RECURSION = YES;
				CLANG_WARN_INT_CONVERSION = YES;
				CLANG_WARN_NON_LITERAL_NULL_CONVERSION = YES;
				CLANG_WARN_OBJC_IMPLICIT_RETAIN_SELF = YES;
				CLANG_WARN_OBJC_LITERAL_CONVERSION = YES;
				CLANG_WARN_OBJC_ROOT_CLASS = YES_ERROR;
				CLANG_WARN_QUOTED_INCLUDE_IN_FRAMEWORK_HEADER = YES;
				CLANG_WARN_RANGE_LOOP_ANALYSIS = YES;
				CLANG_WARN_STRICT_PROTOTYPES = YES;
				CLANG_WARN_SUSPICIOUS_MOVE = YES;
				CLANG_WARN_UNGUARDED_AVAILABILITY = YES_AGGRESSIVE;
				CLANG_WARN_UNREACHABLE_CODE = YES;
				CLANG_WARN__DUPLICATE_METHOD_MATCH = YES;
				COPY_PHASE_STRIP = NO;
				DEBUG_INFORMATION_FORMAT = "dwarf-with-dsym";
				ENABLE_NS_ASSERTIONS = NO;
				ENABLE_STRICT_OBJC_MSGSEND = YES;
				GCC_C_LANGUAGE_STANDARD = gnu11;
				GCC_NO_COMMON_BLOCKS = YES;
				GCC_WARN_64_TO_32_BIT_CONVERSION = YES;
				GCC_WARN_ABOUT_RETURN_TYPE = YES_ERROR;
				GCC_WARN_UNDECLARED_SELECTOR = YES;
				GCC_WARN_UNINITIALIZED_AUTOS = YES_AGGRESSIVE;
				GCC_WARN_UNUSED_FUNCTION = YES;
				GCC_WARN_UNUSED_VARIABLE = YES;
				IPHONEOS_DEPLOYMENT_TARGET = 15.5;
				MTL_ENABLE_DEBUG_INFO = NO;
				MTL_FAST_MATH = YES;
				SDKROOT = iphoneos;
				SWIFT_COMPILATION_MODE = wholemodule;
				SWIFT_OPTIMIZATION_LEVEL = "-O";
				VALIDATE_PRODUCT = YES;
			};
			name = Release;
		};
		1AACAC6428CEC3260040319B /* Debug */ = {
			isa = XCBuildConfiguration;
			buildSettings = {
				ASSETCATALOG_COMPILER_APPICON_NAME = AppIcon;
				ASSETCATALOG_COMPILER_GLOBAL_ACCENT_COLOR_NAME = AccentColor;
				CODE_SIGN_STYLE = Automatic;
				CURRENT_PROJECT_VERSION = 1;
				DEVELOPMENT_ASSET_PATHS = "\"transitionable_list_without_chevron/Preview Content\"";
				ENABLE_PREVIEWS = YES;
				GENERATE_INFOPLIST_FILE = YES;
				INFOPLIST_KEY_UIApplicationSceneManifest_Generation = YES;
				INFOPLIST_KEY_UIApplicationSupportsIndirectInputEvents = YES;
				INFOPLIST_KEY_UILaunchScreen_Generation = YES;
				INFOPLIST_KEY_UISupportedInterfaceOrientations_iPad = "UIInterfaceOrientationPortrait UIInterfaceOrientationPortraitUpsideDown UIInterfaceOrientationLandscapeLeft UIInterfaceOrientationLandscapeRight";
				INFOPLIST_KEY_UISupportedInterfaceOrientations_iPhone = "UIInterfaceOrientationPortrait UIInterfaceOrientationLandscapeLeft UIInterfaceOrientationLandscapeRight";
				LD_RUNPATH_SEARCH_PATHS = (
					"$(inherited)",
					"@executable_path/Frameworks",
				);
				MARKETING_VERSION = 1.0;
				PRODUCT_BUNDLE_IDENTIFIER = "wada.transitionable-list-without-chevron";
				PRODUCT_NAME = "$(TARGET_NAME)";
				SWIFT_EMIT_LOC_STRINGS = YES;
				SWIFT_VERSION = 5.0;
				TARGETED_DEVICE_FAMILY = "1,2";
			};
			name = Debug;
		};
		1AACAC6528CEC3260040319B /* Release */ = {
			isa = XCBuildConfiguration;
			buildSettings = {
				ASSETCATALOG_COMPILER_APPICON_NAME = AppIcon;
				ASSETCATALOG_COMPILER_GLOBAL_ACCENT_COLOR_NAME = AccentColor;
				CODE_SIGN_STYLE = Automatic;
				CURRENT_PROJECT_VERSION = 1;
				DEVELOPMENT_ASSET_PATHS = "\"transitionable_list_without_chevron/Preview Content\"";
				ENABLE_PREVIEWS = YES;
				GENERATE_INFOPLIST_FILE = YES;
				INFOPLIST_KEY_UIApplicationSceneManifest_Generation = YES;
				INFOPLIST_KEY_UIApplicationSupportsIndirectInputEvents = YES;
				INFOPLIST_KEY_UILaunchScreen_Generation = YES;
				INFOPLIST_KEY_UISupportedInterfaceOrientations_iPad = "UIInterfaceOrientationPortrait UIInterfaceOrientationPortraitUpsideDown UIInterfaceOrientationLandscapeLeft UIInterfaceOrientationLandscapeRight";
				INFOPLIST_KEY_UISupportedInterfaceOrientations_iPhone = "UIInterfaceOrientationPortrait UIInterfaceOrientationLandscapeLeft UIInterfaceOrientationLandscapeRight";
				LD_RUNPATH_SEARCH_PATHS = (
					"$(inherited)",
					"@executable_path/Frameworks",
				);
				MARKETING_VERSION = 1.0;
				PRODUCT_BUNDLE_IDENTIFIER = "wada.transitionable-list-without-chevron";
				PRODUCT_NAME = "$(TARGET_NAME)";
				SWIFT_EMIT_LOC_STRINGS = YES;
				SWIFT_VERSION = 5.0;
				TARGETED_DEVICE_FAMILY = "1,2";
			};
			name = Release;
		};
/* End XCBuildConfiguration section */

/* Begin XCConfigurationList section */
		1AACAC5028CEC31F0040319B /* Build configuration list for PBXProject "transitionable_list_without_chevron" */ = {
			isa = XCConfigurationList;
			buildConfigurations = (
				1AACAC6128CEC3260040319B /* Debug */,
				1AACAC6228CEC3260040319B /* Release */,
			);
			defaultConfigurationIsVisible = 0;
			defaultConfigurationName = Release;
		};
		1AACAC6328CEC3260040319B /* Build configuration list for PBXNativeTarget "transitionable_list_without_chevron" */ = {
			isa = XCConfigurationList;
			buildConfigurations = (
				1AACAC6428CEC3260040319B /* Debug */,
				1AACAC6528CEC3260040319B /* Release */,
			);
			defaultConfigurationIsVisible = 0;
			defaultConfigurationName = Release;
		};
/* End XCConfigurationList section */
	};
	rootObject = 1AACAC4D28CEC31F0040319B /* Project object */;
}
